
Microsoft Visual Studio Solution File, Format Version 12.00
# Visual Studio 2012
Project("{FAE04EC0-301F-11D3-BF4B-00C04F79EFBC}") = "lab3", "lab3\lab3.csproj", "{65F00560-1D57-45B3-A22B-6AE99B06A9CC}"
EndProject
Global
	GlobalSection(SolutionConfigurationPlatforms) = preSolution
		Debug|Any CPU = Debug|Any CPU
		Release|Any CPU = Release|Any CPU
	EndGlobalSection
	GlobalSection(ProjectConfigurationPlatforms) = postSolution
		{65F00560-1D57-45B3-A22B-6AE99B06A9CC}.Debug|Any CPU.ActiveCfg = Debug|Any CPU
		{65F00560-1D57-45B3-A22B-6AE99B06A9CC}.Debug|Any CPU.Build.0 = Debug|Any CPU
		{65F00560-1D57-45B3-A22B-6AE99B06A9CC}.Release|Any CPU.ActiveCfg = Release|Any CPU
		{65F00560-1D57-45B3-A22B-6AE99B06A9CC}.Release|Any CPU.Build.0 = Release|Any CPU
	EndGlobalSection
	GlobalSection(SolutionProperties) = preSolution
		HideSolutionNode = FALSE
	EndGlobalSection
EndGlobal
